{
  "object": {
    "pins": [
      {
        "package": "librlottie",
        "repositoryURL": "https://github.com/SDWebImage/librlottie-Xcode.git",
        "state": {
          "branch": null,
          "revision": "b72d9b289c9ac84488f80a521fd4e5ee51069e58",
          "version": "0.1.1"
        }
      },
      {
        "package": "SDWebImage",
        "repositoryURL": "https://github.com/PhilipDukhov/SDWebImage.git",
        "state": {
          "branch": null,
          "revision": "7435113072dbe7f49e139be9dc9ffee6932cabc6",
          "version": "5.8.1"
        }
      }
    ]
  },
  "version": 1
}
